
Microsoft Visual Studio Solution File, Format Version 12.00
# Visual Studio Version 16
VisualStudioVersion = 16.0.30503.244
MinimumVisualStudioVersion = 10.0.40219.1
Project("{9A19103F-16F7-4668-BE54-9A1E7A4F7556}") = "piano", "piano.csproj", "{4E5821B7-59AA-4E6A-9730-5FF243B9FB53}"
EndProject
Global
	GlobalSection(SolutionConfigurationPlatforms) = preSolution
		Debug|Any CPU = Debug|Any CPU
		Release|Any CPU = Release|Any CPU
	EndGlobalSection
	GlobalSection(ProjectConfigurationPlatforms) = postSolution
		{4E5821B7-59AA-4E6A-9730-5FF243B9FB53}.Debug|Any CPU.ActiveCfg = Debug|Any CPU
		{4E5821B7-59AA-4E6A-9730-5FF243B9FB53}.Debug|Any CPU.Build.0 = Debug|Any CPU
		{4E5821B7-59AA-4E6A-9730-5FF243B9FB53}.Release|Any CPU.ActiveCfg = Release|Any CPU
		{4E5821B7-59AA-4E6A-9730-5FF243B9FB53}.Release|Any CPU.Build.0 = Release|Any CPU
	EndGlobalSection
	GlobalSection(SolutionProperties) = preSolution
		HideSolutionNode = FALSE
	EndGlobalSection
	GlobalSection(ExtensibilityGlobals) = postSolution
		SolutionGuid = {A2E95ACD-4EE5-4ADD-B238-B7EF111F8127}
	EndGlobalSection
EndGlobal
